[[package]]
category = "main"
description = "File support for asyncio."
marker = "extra == \"all\""
name = "aiofiles"
optional = false
python-versions = "*"
version = "0.4.0"

[[package]]
category = "main"
description = "A library for parsing ISO 8601 strings."
marker = "extra == \"all\""
name = "aniso8601"
optional = false
python-versions = "*"
version = "7.0.0"

[[package]]
category = "dev"
description = "A small Python module for determining appropriate platform-specific dirs, e.g. a \"user data dir\"."
name = "appdirs"
optional = false
python-versions = "*"
version = "1.4.3"

[[package]]
category = "main"
description = "AsyncExitStack backport for Python 3.5+"
marker = "extra == \"all\""
name = "async-exit-stack"
optional = false
python-versions = ">=3.5"
version = "1.0.1"

[[package]]
category = "main"
description = "Async generators and context managers for Python 3.5+"
marker = "extra == \"all\""
name = "async-generator"
optional = false
python-versions = ">=3.5"
version = "1.10"

[[package]]
category = "dev"
description = "Classes Without Boilerplate"
name = "attrs"
optional = false
python-versions = ">=2.7, !=3.0.*, !=3.1.*, !=3.2.*, !=3.3.*"
version = "19.3.0"

[[package]]
category = "dev"
description = "The uncompromising code formatter."
name = "black"
optional = false
python-versions = ">=3.6"
version = "18.9b0"

[package.dependencies]
appdirs = "*"
attrs = ">=17.4.0"
click = ">=6.5"
toml = ">=0.9.4"

[[package]]
category = "main"
description = "Python package for providing Mozilla's CA Bundle."
marker = "extra == \"all\""
name = "certifi"
optional = false
python-versions = "*"
version = "2019.9.11"

[[package]]
category = "main"
description = "Universal encoding detector for Python 2 and 3"
marker = "extra == \"all\""
name = "chardet"
optional = false
python-versions = "*"
version = "3.0.4"

[[package]]
category = "main"
description = "Composable command line interface toolkit"
name = "click"
optional = false
python-versions = ">=2.7, !=3.0.*, !=3.1.*, !=3.2.*, !=3.3.*"
version = "7.0"

[[package]]
category = "main"
description = "DNS toolkit"
marker = "extra == \"all\""
name = "dnspython"
optional = false
python-versions = ">=2.7, !=3.0.*, !=3.1.*, !=3.2.*, !=3.3.*"
version = "1.16.0"

[[package]]
category = "main"
description = "A robust email syntax and deliverability validation library for Python 2.x/3.x."
marker = "extra == \"all\""
name = "email-validator"
optional = false
python-versions = "*"
version = "1.0.5"

[package.dependencies]
dnspython = ">=1.15.0"
idna = ">=2.0.0"

[[package]]
category = "main"
description = "FastAPI framework, high performance, easy to learn, fast to code, ready for production"
name = "fastapi"
optional = false
python-versions = ">=3.6"
version = "0.42.0"

[package.dependencies]
aiofiles = "*"
async_exit_stack = "*"
async_generator = "*"
email_validator = "*"
graphene = "*"
itsdangerous = "*"
jinja2 = "*"
pydantic = "0.32.2"
python-multipart = "*"
pyyaml = "*"
requests = "*"
starlette = "0.12.9"
ujson = "*"
uvicorn = "*"

[[package]]
category = "main"
description = "GraphQL Framework for Python"
marker = "extra == \"all\""
name = "graphene"
optional = false
python-versions = "*"
version = "2.1.8"

[package.dependencies]
aniso8601 = ">=3,<=7"
graphql-core = ">=2.1,<3"
graphql-relay = ">=2,<3"
six = ">=1.10.0,<2"

[[package]]
category = "main"
description = "GraphQL implementation for Python"
marker = "extra == \"all\""
name = "graphql-core"
optional = false
python-versions = "*"
version = "2.2.1"

[package.dependencies]
promise = ">=2.1"
rx = ">=1.6,<3"
six = ">=1.10.0"

[[package]]
category = "main"
description = "Relay implementation for Python"
marker = "extra == \"all\""
name = "graphql-relay"
optional = false
python-versions = "*"
version = "2.0.0"

[package.dependencies]
graphql-core = ">=2.2,<3"
promise = ">=2.2,<3"
six = ">=1.12"

[[package]]
category = "main"
description = "A pure-Python, bring-your-own-I/O implementation of HTTP/1.1"
marker = "extra == \"all\""
name = "h11"
optional = false
python-versions = "*"
version = "0.8.1"

[[package]]
category = "main"
description = "A collection of framework independent HTTP protocol utils."
marker = "sys_platform != \"win32\" and sys_platform != \"cygwin\" and platform_python_implementation != \"pypy\" and extra == \"all\""
name = "httptools"
optional = false
python-versions = "*"
version = "0.0.13"

[[package]]
category = "main"
description = "Internationalized Domain Names in Applications (IDNA)"
marker = "extra == \"all\""
name = "idna"
optional = false
python-versions = ">=2.7, !=3.0.*, !=3.1.*, !=3.2.*, !=3.3.*"
version = "2.8"

[[package]]
category = "main"
description = "Various helpers to pass data to untrusted environments and back."
marker = "extra == \"all\""
name = "itsdangerous"
optional = false
python-versions = ">=2.7, !=3.0.*, !=3.1.*, !=3.2.*, !=3.3.*"
version = "1.1.0"

[[package]]
category = "main"
description = "A very fast and expressive template engine."
marker = "extra == \"all\""
name = "jinja2"
optional = false
python-versions = "*"
version = "2.10.3"

[package.dependencies]
MarkupSafe = ">=0.23"

[[package]]
category = "main"
description = "Safely add untrusted strings to HTML/XML markup."
marker = "extra == \"all\""
name = "markupsafe"
optional = false
python-versions = ">=2.7,!=3.0.*,!=3.1.*,!=3.2.*,!=3.3.*"
version = "1.1.1"

[[package]]
category = "main"
description = "Promises/A+ implementation for Python"
marker = "extra == \"all\""
name = "promise"
optional = false
python-versions = "*"
version = "2.2.1"

[package.dependencies]
six = "*"

[[package]]
category = "main"
description = "Data validation and settings management using python 3.6 type hinting"
name = "pydantic"
optional = false
python-versions = ">=3.6"
version = "0.32.2"

[[package]]
category = "main"
description = "A streaming multipart parser for Python"
marker = "extra == \"all\""
name = "python-multipart"
optional = false
python-versions = "*"
version = "0.0.5"

[package.dependencies]
six = ">=1.4.0"

[[package]]
category = "main"
description = "YAML parser and emitter for Python"
marker = "extra == \"all\""
name = "pyyaml"
optional = false
python-versions = ">=2.7, !=3.0.*, !=3.1.*, !=3.2.*, !=3.3.*"
version = "5.1.2"

[[package]]
category = "main"
description = "Python HTTP for Humans."
marker = "extra == \"all\""
name = "requests"
optional = false
python-versions = ">=2.7, !=3.0.*, !=3.1.*, !=3.2.*, !=3.3.*, !=3.4.*"
version = "2.22.0"

[package.dependencies]
certifi = ">=2017.4.17"
chardet = ">=3.0.2,<3.1.0"
idna = ">=2.5,<2.9"
urllib3 = ">=1.21.1,<1.25.0 || >1.25.0,<1.25.1 || >1.25.1,<1.26"

[[package]]
category = "main"
description = "Reactive Extensions (Rx) for Python"
marker = "extra == \"all\""
name = "rx"
optional = false
python-versions = "*"
version = "1.6.1"

[[package]]
category = "main"
description = "Python 2 and 3 compatibility utilities"
marker = "extra == \"all\""
name = "six"
optional = false
python-versions = ">=2.6, !=3.0.*, !=3.1.*"
version = "1.13.0"

[[package]]
category = "main"
description = "The little ASGI library that shines."
name = "starlette"
optional = false
python-versions = ">=3.6"
version = "0.12.9"

[[package]]
category = "dev"
description = "Python Library for Tom's Obvious, Minimal Language"
name = "toml"
optional = false
python-versions = "*"
version = "0.10.0"

[[package]]
category = "main"
description = "Ultra fast JSON encoder and decoder for Python"
marker = "extra == \"all\""
name = "ujson"
optional = false
python-versions = "*"
version = "1.35"

[[package]]
category = "main"
description = "HTTP library with thread-safe connection pooling, file post, and more."
marker = "extra == \"all\""
name = "urllib3"
optional = false
python-versions = ">=2.7, !=3.0.*, !=3.1.*, !=3.2.*, !=3.3.*, <4"
version = "1.25.7"

[[package]]
category = "main"
description = "The lightning-fast ASGI server."
marker = "extra == \"all\""
name = "uvicorn"
optional = false
python-versions = "*"
version = "0.10.8"

[package.dependencies]
click = ">=7.0.0,<8.0.0"
h11 = ">=0.8.0,<0.9.0"
httptools = "0.0.13"
uvloop = ">=0.14.0"
websockets = ">=8.0.0,<9.0.0"

[[package]]
category = "main"
description = "Fast implementation of asyncio event loop on top of libuv"
marker = "sys_platform != \"win32\" and sys_platform != \"cygwin\" and platform_python_implementation != \"pypy\" and extra == \"all\""
name = "uvloop"
optional = false
python-versions = "*"
version = "0.14.0"

[[package]]
category = "main"
description = "An implementation of the WebSocket Protocol (RFC 6455 & 7692)"
marker = "extra == \"all\""
name = "websockets"
optional = false
python-versions = ">=3.6.1"
version = "8.1"

[metadata]
content-hash = "b6071da653c8658f1a2ed856b0003a2940c96ed8f3727a1ccb33b333e260ccec"
python-versions = "^3.7"

[metadata.hashes]
aiofiles = ["021ea0ba314a86027c166ecc4b4c07f2d40fc0f4b3a950d1868a0f2571c2bbee", "1e644c2573f953664368de28d2aa4c89dfd64550429d0c27c4680ccd3aa4985d"]
aniso8601 = ["513d2b6637b7853806ae79ffaca6f3e8754bdd547048f5ccc1420aec4b714f1e", "d10a4bf949f619f719b227ef5386e31f49a2b6d453004b21f02661ccc8670c7b"]
appdirs = ["9e5896d1372858f8dd3344faf4e5014d21849c756c8d5701f78f8a103b372d92", "d8b24664561d0d34ddfaec54636d502d7cea6e29c3eaf68f3df6180863e2166e"]
async-exit-stack = ["24de1ad6d0ff27be97c89d6709fa49bf20db179eaf1f4d2e6e9b4409b80e747d", "9b43b17683b3438f428ef3bbec20689f5abbb052aa4b564c643397330adfaa99"]
async-generator = ["01c7bf666359b4967d2cda0000cc2e4af16a0ae098cbffcb8472fb9e8ad6585b", "6ebb3d106c12920aaae42ccb6f787ef5eefdcdd166ea3d628fa8476abe712144"]
attrs = ["08a96c641c3a74e44eb59afb61a24f2cb9f4d7188748e76ba4bb5edfa3cb7d1c", "f7b7ce16570fe9965acd6d30101a28f62fb4a7f9e926b3bbc9b61f8b04247e72"]
black = ["817243426042db1d36617910df579a54f1afd659adb96fc5032fcf4b36209739", "e030a9a28f542debc08acceb273f228ac422798e5215ba2a791a6ddeaaca22a5"]
certifi = ["e4f3620cfea4f83eedc95b24abd9cd56f3c4b146dd0177e83a21b4eb49e21e50", "fd7c7c74727ddcf00e9acd26bba8da604ffec95bf1c2144e67aff7a8b50e6cef"]
chardet = ["84ab92ed1c4d4f16916e05906b6b75a6c0fb5db821cc65e70cbd64a3e2a5eaae", "fc323ffcaeaed0e0a02bf4d117757b98aed530d9ed4531e3e15460124c106691"]
click = ["2335065e6395b9e67ca716de5f7526736bfa6ceead690adf616d925bdc622b13", "5b94b49521f6456670fdb30cd82a4eca9412788a93fa6dd6df72c94d5a8ff2d7"]
dnspython = ["36c5e8e38d4369a08b6780b7f27d790a292b2b08eea01607865bf0936c558e01", "f69c21288a962f4da86e56c4905b49d11aba7938d3d740e80d9e366ee4f1632d"]
email-validator = ["e3e6ede1765d7c1e580d2050d834b2689361f7da2d50ce74df6a5968fca7cb13"]
fastapi = ["38356cf424392142a561f32ab49113dec6e2ab7318862ae14d5e1d7ede16d14f", "48cb522c1c993e238bfe272fbb18049cbd4bf5b9d6c0d4a4fa113cc790e8196c"]
graphene = ["09165f03e1591b76bf57b133482db9be6dac72c74b0a628d3c93182af9c5a896", "2cbe6d4ef15cfc7b7805e0760a0e5b80747161ce1b0f990dfdc0d2cf497c12f9"]
graphql-core = ["1488f2a5c2272dc9ba66e3042a6d1c30cea0db4c80bd1e911c6791ad6187d91b", "da64c472d720da4537a2e8de8ba859210b62841bd47a9be65ca35177f62fe0e4"]
graphql-relay = ["0e94201af4089e1f81f07d7bd8f84799768e39d70fa1ea16d1df505b46cc6335", "75aa0758971e252964cb94068a4decd472d2a8295229f02189e3cbca1f10dbb5", "7fa74661246e826ef939ee92e768f698df167a7617361ab399901eaebf80dce6"]
h11 = ["acca6a44cb52a32ab442b1779adf0875c443c689e9e028f8d831a3769f9c5208", "f2b1ca39bfed357d1f19ac732913d5f9faa54a5062eca7d2ec3a916cfb7ae4c7"]
httptools = ["e00cbd7ba01ff748e494248183abc6e153f49181169d8a3d41bb49132ca01dfc"]
idna = ["c357b3f628cf53ae2c4c05627ecc484553142ca23264e593d327bcde5e9c3407", "ea8b7f6188e6fa117537c3df7da9fc686d485087abf6ac197f9c46432f7e4a3c"]
itsdangerous = ["321b033d07f2a4136d3ec762eac9f16a10ccd60f53c0c91af90217ace7ba1f19", "b12271b2047cb23eeb98c8b5622e2e5c5e9abd9784a153e9d8ef9cb4dd09d749"]
jinja2 = ["74320bb91f31270f9551d46522e33af46a80c3d619f4a4bf42b3164d30b5911f", "9fe95f19286cfefaa917656583d020be14e7859c6b0252588391e47db34527de"]
markupsafe = ["00bc623926325b26bb9605ae9eae8a215691f33cae5df11ca5424f06f2d1f473", "09027a7803a62ca78792ad89403b1b7a73a01c8cb65909cd876f7fcebd79b161", "09c4b7f37d6c648cb13f9230d847adf22f8171b1ccc4d5682398e77f40309235", "1027c282dad077d0bae18be6794e6b6b8c91d58ed8a8d89a89d59693b9131db5", "24982cc2533820871eba85ba648cd53d8623687ff11cbb805be4ff7b4c971aff", "29872e92839765e546828bb7754a68c418d927cd064fd4708fab9fe9c8bb116b", "43a55c2930bbc139570ac2452adf3d70cdbb3cfe5912c71cdce1c2c6bbd9c5d1", "46c99d2de99945ec5cb54f23c8cd5689f6d7177305ebff350a58ce5f8de1669e", "500d4957e52ddc3351cabf489e79c91c17f6e0899158447047588650b5e69183", "535f6fc4d397c1563d08b88e485c3496cf5784e927af890fb3c3aac7f933ec66", "62fe6c95e3ec8a7fad637b7f3d372c15ec1caa01ab47926cfdf7a75b40e0eac1", "6dd73240d2af64df90aa7c4e7481e23825ea70af4b4922f8ede5b9e35f78a3b1", "717ba8fe3ae9cc0006d7c451f0bb265ee07739daf76355d06366154ee68d221e", "79855e1c5b8da654cf486b830bd42c06e8780cea587384cf6545b7d9ac013a0b", "7c1699dfe0cf8ff607dbdcc1e9b9af1755371f92a68f706051cc8c37d447c905", "88e5fcfb52ee7b911e8bb6d6aa2fd21fbecc674eadd44118a9cc3863f938e735", "8defac2f2ccd6805ebf65f5eeb132adcf2ab57aa11fdf4c0dd5169a004710e7d", "98c7086708b163d425c67c7a91bad6e466bb99d797aa64f965e9d25c12111a5e", "9add70b36c5666a2ed02b43b335fe19002ee5235efd4b8a89bfcf9005bebac0d", "9bf40443012702a1d2070043cb6291650a0841ece432556f784f004937f0f32c", "ade5e387d2ad0d7ebf59146cc00c8044acbd863725f887353a10df825fc8ae21", "b00c1de48212e4cc9603895652c5c410df699856a2853135b3967591e4beebc2", "b1282f8c00509d99fef04d8ba936b156d419be841854fe901d8ae224c59f0be5", "b2051432115498d3562c084a49bba65d97cf251f5a331c64a12ee7e04dacc51b", "ba59edeaa2fc6114428f1637ffff42da1e311e29382d81b339c1817d37ec93c6", "c8716a48d94b06bb3b2524c2b77e055fb313aeb4ea620c8dd03a105574ba704f", "cd5df75523866410809ca100dc9681e301e3c27567cf498077e8551b6d20e42f", "e249096428b3ae81b08327a63a485ad0878de3fb939049038579ac0ef61e17e7"]
promise = ["2ebbfc10b7abf6354403ed785fe4f04b9dfd421eb1a474ac8d187022228332af", "348f5f6c3edd4fd47c9cd65aed03ac1b31136d375aa63871a57d3e444c85655c"]
pydantic = ["18598557f0d9ab46173045910ed50458c4fb4d16153c23346b504d7a5b679f77", "6a9335c968e13295430a208487e74d69fef40168b72dea8d975765d14e2da660", "6f5eb88fe4c21380aa064b7d249763fc6306f0b001d7e7d52d80866d1afc9ed3", "bc6c6a78647d7a65a493e1107572d993f26a652c49183201e3c7d23924bf7311", "e1a63b4e6bf8820833cb6fa239ffbe8eec57ccdd7d66359eff20e68a83c1deeb", "ede2d65ae33788d4e26e12b330b4a32c53cb14131c65bca3a59f037c73f6ee7a"]
python-multipart = ["f7bb5f611fc600d15fa47b3974c8aa16e93724513b49b5f95c81e6624c83fa43"]
pyyaml = ["0113bc0ec2ad727182326b61326afa3d1d8280ae1122493553fd6f4397f33df9", "01adf0b6c6f61bd11af6e10ca52b7d4057dd0be0343eb9283c878cf3af56aee4", "5124373960b0b3f4aa7df1707e63e9f109b5263eca5976c66e08b1c552d4eaf8", "5ca4f10adbddae56d824b2c09668e91219bb178a1eee1faa56af6f99f11bf696", "7907be34ffa3c5a32b60b95f4d95ea25361c951383a894fec31be7252b2b6f34", "7ec9b2a4ed5cad025c2278a1e6a19c011c80a3caaac804fd2d329e9cc2c287c9", "87ae4c829bb25b9fe99cf71fbb2140c448f534e24c998cc60f39ae4f94396a73", "9de9919becc9cc2ff03637872a440195ac4241c80536632fffeb6a1e25a74299", "a5a85b10e450c66b49f98846937e8cfca1db3127a9d5d1e31ca45c3d0bef4c5b", "b0997827b4f6a7c286c01c5f60384d218dca4ed7d9efa945c3e1aa623d5709ae", "b631ef96d3222e62861443cc89d6563ba3eeb816eeb96b2629345ab795e53681", "bf47c0607522fdbca6c9e817a6e81b08491de50f3766a7a0e6a5be7905961b41", "f81025eddd0327c7d4cfe9b62cf33190e1e736cc6e97502b3ec425f574b3e7a8"]
requests = ["11e007a8a2aa0323f5a921e9e6a2d7e4e67d9877e85773fba9ba6419025cbeb4", "9cf5292fcd0f598c671cfc1e0d7d1a7f13bb8085e9a590f48c010551dc6c4b31"]
rx = ["13a1d8d9e252625c173dc795471e614eadfe1cf40ffc684e08b8fff0d9748c23", "7357592bc7e881a95e0c2013b73326f704953301ab551fbc8133a6fadab84105"]
six = ["1f1b7d42e254082a9db6279deae68afb421ceba6158efa6131de7b3003ee93fd", "30f610279e8b2578cab6db20741130331735c781b56053c59c4076da27f06b66"]
starlette = ["c2ac9a42e0e0328ad20fe444115ac5e3760c1ee2ac1ff8cdb5ec915c4a453411"]
toml = ["229f81c57791a41d65e399fc06bf0848bab550a9dfd5ed66df18ce5f05e73d5c", "235682dd292d5899d361a811df37e04a8828a5b1da3115886b73cf81ebc9100e", "f1db651f9657708513243e61e6cc67d101a39bad662eaa9b5546f789338e07a3"]
ujson = ["f66073e5506e91d204ab0c614a148d5aa938bdbf104751be66f8ad7a222f5f86"]
urllib3 = ["a8a318824cc77d1fd4b2bec2ded92646630d7fe8619497b142c84a9e6f5a7293", "f3c5fd51747d450d4dcf6f923c81f78f811aab8205fda64b0aba34a4e48b0745"]
uvicorn = ["f4c34642618449f55e2bab8c6b22ff7615b520d2e7e23275be2ca894254327a3"]
uvloop = ["08b109f0213af392150e2fe6f81d33261bb5ce968a288eb698aad4f46eb711bd", "123ac9c0c7dd71464f58f1b4ee0bbd81285d96cdda8bc3519281b8973e3a461e", "4315d2ec3ca393dd5bc0b0089d23101276778c304d42faff5dc4579cb6caef09", "4544dcf77d74f3a84f03dd6278174575c44c67d7165d4c42c71db3fdc3860726", "afd5513c0ae414ec71d24f6f123614a80f3d27ca655a4fcf6cabe50994cc1891", "b4f591aa4b3fa7f32fb51e2ee9fea1b495eb75b0b3c8d0ca52514ad675ae63f7", "bcac356d62edd330080aed082e78d4b580ff260a677508718f88016333e2c9c5", "e7514d7a48c063226b7d06617cbb12a14278d4323a065a8d46a7962686ce2e95", "f07909cd9fc08c52d294b1570bba92186181ca01fe3dc9ffba68955273dd7362"]
websockets = ["0e4fb4de42701340bd2353bb2eee45314651caa6ccee80dbd5f5d5978888fed5", "1d3f1bf059d04a4e0eb4985a887d49195e15ebabc42364f4eb564b1d065793f5", "20891f0dddade307ffddf593c733a3fdb6b83e6f9eef85908113e628fa5a8308", "295359a2cc78736737dd88c343cd0747546b2174b5e1adc223824bcaf3e164cb", "2db62a9142e88535038a6bcfea70ef9447696ea77891aebb730a333a51ed559a", "3762791ab8b38948f0c4d281c8b2ddfa99b7e510e46bd8dfa942a5fff621068c", "3db87421956f1b0779a7564915875ba774295cc86e81bc671631379371af1170", "3ef56fcc7b1ff90de46ccd5a687bbd13a3180132268c4254fc0fa44ecf4fc422", "4f9f7d28ce1d8f1295717c2c25b732c2bc0645db3215cf757551c392177d7cb8", "5c01fd846263a75bc8a2b9542606927cfad57e7282965d96b93c387622487485", "5c65d2da8c6bce0fca2528f69f44b2f977e06954c8512a952222cea50dad430f", "751a556205d8245ff94aeef23546a1113b1dd4f6e4d102ded66c39b99c2ce6c8", "7ff46d441db78241f4c6c27b3868c9ae71473fe03341340d2dfdbe8d79310acc", "965889d9f0e2a75edd81a07592d0ced54daa5b0785f57dc429c378edbcffe779", "9b248ba3dd8a03b1a10b19efe7d4f7fa41d158fdaa95e2cf65af5a7b95a4f989", "9bef37ee224e104a413f0780e29adb3e514a5b698aabe0d969a6ba426b8435d1", "c1ec8db4fac31850286b7cd3b9c0e1b944204668b8eb721674916d4e28744092", "c8a116feafdb1f84607cb3b14aa1418424ae71fee131642fc568d21423b51824", "ce85b06a10fc65e6143518b96d3dca27b081a740bae261c2fb20375801a9d56d", "d705f8aeecdf3262379644e4b55107a3b55860eb812b673b28d0fbc347a60c55", "e898a0863421650f0bebac8ba40840fc02258ef4714cb7e1fd76b6a6354bda36", "f8a7bff6e8664afc4e6c28b983845c5bc14965030e3fb98789734d416af77c4b"]
